
Microsoft Visual Studio Solution File, Format Version 12.00
# Visual Studio 2015
Project("{FAE04EC0-301F-11D3-BF4B-00C04F79EFBC}") = "Tutorial project.CSharp", "Tutorial project.CSharp.csproj", "{27CDF0E6-D7FC-A38C-3F98-2B8ECDBF3738}"
EndProject
Global
	GlobalSection(SolutionConfigurationPlatforms) = preSolution
		Debug|Any CPU = Debug|Any CPU
		Release|Any CPU = Release|Any CPU
	EndGlobalSection
	GlobalSection(ProjectConfigurationPlatforms) = postSolution
		{27CDF0E6-D7FC-A38C-3F98-2B8ECDBF3738}.Debug|Any CPU.ActiveCfg = Debug|Any CPU
		{27CDF0E6-D7FC-A38C-3F98-2B8ECDBF3738}.Debug|Any CPU.Build.0 = Debug|Any CPU
		{27CDF0E6-D7FC-A38C-3F98-2B8ECDBF3738}.Release|Any CPU.ActiveCfg = Release|Any CPU
		{27CDF0E6-D7FC-A38C-3F98-2B8ECDBF3738}.Release|Any CPU.Build.0 = Release|Any CPU
	EndGlobalSection
	GlobalSection(SolutionProperties) = preSolution
		HideSolutionNode = FALSE
	EndGlobalSection
EndGlobal
